
Microsoft Visual Studio Solution File, Format Version 12.00
# Visual Studio Version 16
VisualStudioVersion = 16.0.30011.22
MinimumVisualStudioVersion = 10.0.40219.1
Project("{FAE04EC0-301F-11D3-BF4B-00C04F79EFBC}") = "MVC-EXAMEN1-MENESES-YARANGA-MANRRIQUE", "MVC-EXAMEN1-MENESES-YARANGA-MANRRIQUE\MVC-EXAMEN1-MENESES-YARANGA-MANRRIQUE.csproj", "{C2C493DF-DF63-40C8-A4FC-5C9FF71D1677}"
EndProject
Global
	GlobalSection(SolutionConfigurationPlatforms) = preSolution
		Debug|Any CPU = Debug|Any CPU
		Release|Any CPU = Release|Any CPU
	EndGlobalSection
	GlobalSection(ProjectConfigurationPlatforms) = postSolution
		{C2C493DF-DF63-40C8-A4FC-5C9FF71D1677}.Debug|Any CPU.ActiveCfg = Debug|Any CPU
		{C2C493DF-DF63-40C8-A4FC-5C9FF71D1677}.Debug|Any CPU.Build.0 = Debug|Any CPU
		{C2C493DF-DF63-40C8-A4FC-5C9FF71D1677}.Release|Any CPU.ActiveCfg = Release|Any CPU
		{C2C493DF-DF63-40C8-A4FC-5C9FF71D1677}.Release|Any CPU.Build.0 = Release|Any CPU
	EndGlobalSection
	GlobalSection(SolutionProperties) = preSolution
		HideSolutionNode = FALSE
	EndGlobalSection
	GlobalSection(ExtensibilityGlobals) = postSolution
		SolutionGuid = {94CFF718-AE57-40A4-886B-2864555FF960}
	EndGlobalSection
EndGlobal
